
Microsoft Visual Studio Solution File, Format Version 12.00
# Visual Studio Version 16
VisualStudioVersion = 16.0.32901.82
MinimumVisualStudioVersion = 10.0.40219.1
Project("{FAE04EC0-301F-11D3-BF4B-00C04F79EFBC}") = "LprReportDemoV1", "LprReportDemoV1\LprReportDemoV1.csproj", "{870F9014-9E04-499A-A21A-A2B595517886}"
EndProject
Project("{54435603-DBB4-11D2-8724-00A0C9A8B90C}") = "LprReportDemo", "LprReportDemo\LprReportDemo.vdproj", "{F35B160B-33D3-4A55-8FB3-7CBB75C70602}"
EndProject
Global
	GlobalSection(SolutionConfigurationPlatforms) = preSolution
		Debug|Any CPU = Debug|Any CPU
		Release|Any CPU = Release|Any CPU
	EndGlobalSection
	GlobalSection(ProjectConfigurationPlatforms) = postSolution
		{870F9014-9E04-499A-A21A-A2B595517886}.Debug|Any CPU.ActiveCfg = Debug|Any CPU
		{870F9014-9E04-499A-A21A-A2B595517886}.Debug|Any CPU.Build.0 = Debug|Any CPU
		{870F9014-9E04-499A-A21A-A2B595517886}.Release|Any CPU.ActiveCfg = Release|Any CPU
		{870F9014-9E04-499A-A21A-A2B595517886}.Release|Any CPU.Build.0 = Release|Any CPU
		{F35B160B-33D3-4A55-8FB3-7CBB75C70602}.Debug|Any CPU.ActiveCfg = Debug
		{F35B160B-33D3-4A55-8FB3-7CBB75C70602}.Release|Any CPU.ActiveCfg = Release
	EndGlobalSection
	GlobalSection(SolutionProperties) = preSolution
		HideSolutionNode = FALSE
	EndGlobalSection
	GlobalSection(ExtensibilityGlobals) = postSolution
		SolutionGuid = {CE067099-445B-4E30-A8C9-F94971EECA0A}
	EndGlobalSection
EndGlobal
